// !$*UTF8*$!
{
	archiveVersion = 1;
	classes = {
	};
	objectVersion = 46;
	objects = {

/* Begin PBXBuildFile section */
		31E895031E84998F0038E70A /* AppDelegate.swift in Sources */ = {isa = PBXBuildFile; fileRef = 31E895021E84998F0038E70A /* AppDelegate.swift */; };
		31E895051E84998F0038E70A /* ViewController.swift in Sources */ = {isa = PBXBuildFile; fileRef = 31E895041E84998F0038E70A /* ViewController.swift */; };
		31E895081E84998F0038E70A /* Main.storyboard in Resources */ = {isa = PBXBuildFile; fileRef = 31E895061E84998F0038E70A /* Main.storyboard */; };
		31E8950A1E84998F0038E70A /* Assets.xcassets in Resources */ = {isa = PBXBuildFile; fileRef = 31E895091E84998F0038E70A /* Assets.xcassets */; };
		31E8950D1E84998F0038E70A /* LaunchScreen.storyboard in Resources */ = {isa = PBXBuildFile; fileRef = 31E8950B1E84998F0038E70A /* LaunchScreen.storyboard */; };
		31E895181E84998F0038E70A /* CatalogApplicationTests.swift in Sources */ = {isa = PBXBuildFile; fileRef = 31E895171E84998F0038E70A /* CatalogApplicationTests.swift */; };
		31E895231E84998F0038E70A /* CatalogApplicationUITests.swift in Sources */ = {isa = PBXBuildFile; fileRef = 31E895221E84998F0038E70A /* CatalogApplicationUITests.swift */; };
		31E895471E85DB220038E70A /* ProfileViewController.swift in Sources */ = {isa = PBXBuildFile; fileRef = 31E895461E85DB220038E70A /* ProfileViewController.swift */; };
		31F182811E898A27002635CA /* MediaTableViewController.swift in Sources */ = {isa = PBXBuildFile; fileRef = 31F182801E898A27002635CA /* MediaTableViewController.swift */; };
		31F182831E898BDE002635CA /* MoviesViewController.swift in Sources */ = {isa = PBXBuildFile; fileRef = 31F182821E898BDE002635CA /* MoviesViewController.swift */; };
		31F182851E898C4E002635CA /* MediaTableViewCell.xib in Resources */ = {isa = PBXBuildFile; fileRef = 31F182841E898C4E002635CA /* MediaTableViewCell.xib */; };
		31F182871E898D87002635CA /* MediaTableViewCell.swift in Sources */ = {isa = PBXBuildFile; fileRef = 31F182861E898D87002635CA /* MediaTableViewCell.swift */; };
		31F182891E89B963002635CA /* MoviesService.swift in Sources */ = {isa = PBXBuildFile; fileRef = 31F182881E89B963002635CA /* MoviesService.swift */; };
		31F1828B1E89B971002635CA /* MoviesDataLayer.swift in Sources */ = {isa = PBXBuildFile; fileRef = 31F1828A1E89B971002635CA /* MoviesDataLayer.swift */; };
		31F1828D1E89B995002635CA /* APIManager.swift in Sources */ = {isa = PBXBuildFile; fileRef = 31F1828C1E89B995002635CA /* APIManager.swift */; };
		31F182911E89BE73002635CA /* MediaRouter.swift in Sources */ = {isa = PBXBuildFile; fileRef = 31F182901E89BE73002635CA /* MediaRouter.swift */; };
		31F182931E89CE13002635CA /* Movie.swift in Sources */ = {isa = PBXBuildFile; fileRef = 31F182921E89CE13002635CA /* Movie.swift */; };
		31F182951E8AC63F002635CA /* MediaDetailsViewController.swift in Sources */ = {isa = PBXBuildFile; fileRef = 31F182941E8AC63F002635CA /* MediaDetailsViewController.swift */; };
		31F182971E8ACFF9002635CA /* WebViewController.swift in Sources */ = {isa = PBXBuildFile; fileRef = 31F182961E8ACFF9002635CA /* WebViewController.swift */; };
		31F182991E8AE123002635CA /* BooksViewController.swift in Sources */ = {isa = PBXBuildFile; fileRef = 31F182981E8AE123002635CA /* BooksViewController.swift */; };
		31F1829B1E8AE166002635CA /* BooksDataLayer.swift in Sources */ = {isa = PBXBuildFile; fileRef = 31F1829A1E8AE166002635CA /* BooksDataLayer.swift */; };
		31F1829D1E8AE180002635CA /* BooksService.swift in Sources */ = {isa = PBXBuildFile; fileRef = 31F1829C1E8AE180002635CA /* BooksService.swift */; };
		31F1829F1E8AE2C0002635CA /* Book.swift in Sources */ = {isa = PBXBuildFile; fileRef = 31F1829E1E8AE2C0002635CA /* Book.swift */; };
		31F182A11E8B1C43002635CA /* TopCategoriesTableViewController.swift in Sources */ = {isa = PBXBuildFile; fileRef = 31F182A01E8B1C43002635CA /* TopCategoriesTableViewController.swift */; };
		31F182A31E8B1CA9002635CA /* Categories.swift in Sources */ = {isa = PBXBuildFile; fileRef = 31F182A21E8B1CA9002635CA /* Categories.swift */; };
		31F182A51E8B1F4D002635CA /* CategoryTableViewCell.xib in Resources */ = {isa = PBXBuildFile; fileRef = 31F182A41E8B1F4D002635CA /* CategoryTableViewCell.xib */; };
		31F182A71E8B1FDC002635CA /* CategoryTableViewCell.swift in Sources */ = {isa = PBXBuildFile; fileRef = 31F182A61E8B1FDC002635CA /* CategoryTableViewCell.swift */; };
		31F182A91E8B3184002635CA /* CategoryTableViewController.swift in Sources */ = {isa = PBXBuildFile; fileRef = 31F182A81E8B3184002635CA /* CategoryTableViewController.swift */; };
		31F182AD1E8C2622002635CA /* ListObject.swift in Sources */ = {isa = PBXBuildFile; fileRef = 31F182AC1E8C2622002635CA /* ListObject.swift */; };
		31F182AF1E8C2940002635CA /* TopCategoriesService.swift in Sources */ = {isa = PBXBuildFile; fileRef = 31F182AE1E8C2940002635CA /* TopCategoriesService.swift */; };
		31F182B11E8C2BF3002635CA /* TopCategoriesDataLayer.swift in Sources */ = {isa = PBXBuildFile; fileRef = 31F182B01E8C2BF3002635CA /* TopCategoriesDataLayer.swift */; };
		31F182B31E8CE5ED002635CA /* TopObject.swift in Sources */ = {isa = PBXBuildFile; fileRef = 31F182B21E8CE5ED002635CA /* TopObject.swift */; };
		31F182B51E8CEA59002635CA /* DataLayer.swift in Sources */ = {isa = PBXBuildFile; fileRef = 31F182B41E8CEA59002635CA /* DataLayer.swift */; };
		7D872E0AD77552922A4D72DC /* Pods_CatalogApplication.framework in Frameworks */ = {isa = PBXBuildFile; fileRef = 086D1B6E6FCDE95D99E2EF53 /* Pods_CatalogApplication.framework */; };
		9BE0EEE4F8FD921694B9833E /* Pods_CatalogApplicationUITests.framework in Frameworks */ = {isa = PBXBuildFile; fileRef = 01290D279A0F3A000442AB9D /* Pods_CatalogApplicationUITests.framework */; };
		FBE4310267742BDD12A41413 /* Pods_CatalogApplicationTests.framework in Frameworks */ = {isa = PBXBuildFile; fileRef = 3C4F4FA6BF8A5C2730D02C56 /* Pods_CatalogApplicationTests.framework */; };
/* End PBXBuildFile section */

/* Begin PBXContainerItemProxy section */
		31E895141E84998F0038E70A /* PBXContainerItemProxy */ = {
			isa = PBXContainerItemProxy;
			containerPortal = 31E894F71E84998F0038E70A /* Project object */;
			proxyType = 1;
			remoteGlobalIDString = 31E894FE1E84998F0038E70A;
			remoteInfo = CatalogApplication;
		};
		31E8951F1E84998F0038E70A /* PBXContainerItemProxy */ = {
			isa = PBXContainerItemProxy;
			containerPortal = 31E894F71E84998F0038E70A /* Project object */;
			proxyType = 1;
			remoteGlobalIDString = 31E894FE1E84998F0038E70A;
			remoteInfo = CatalogApplication;
		};
/* End PBXContainerItemProxy section */

/* Begin PBXFileReference section */
		01290D279A0F3A000442AB9D /* Pods_CatalogApplicationUITests.framework */ = {isa = PBXFileReference; explicitFileType = wrapper.framework; includeInIndex = 0; path = Pods_CatalogApplicationUITests.framework; sourceTree = BUILT_PRODUCTS_DIR; };
		086D1B6E6FCDE95D99E2EF53 /* Pods_CatalogApplication.framework */ = {isa = PBXFileReference; explicitFileType = wrapper.framework; includeInIndex = 0; path = Pods_CatalogApplication.framework; sourceTree = BUILT_PRODUCTS_DIR; };
		184D9116D00295ADF28113A4 /* Pods-CatalogApplicationUITests.debug.xcconfig */ = {isa = PBXFileReference; includeInIndex = 1; lastKnownFileType = text.xcconfig; name = "Pods-CatalogApplicationUITests.debug.xcconfig"; path = "Pods/Target Support Files/Pods-CatalogApplicationUITests/Pods-CatalogApplicationUITests.debug.xcconfig"; sourceTree = "<group>"; };
		31E894FF1E84998F0038E70A /* CatalogApplication.app */ = {isa = PBXFileReference; explicitFileType = wrapper.application; includeInIndex = 0; path = CatalogApplication.app; sourceTree = BUILT_PRODUCTS_DIR; };
		31E895021E84998F0038E70A /* AppDelegate.swift */ = {isa = PBXFileReference; lastKnownFileType = sourcecode.swift; path = AppDelegate.swift; sourceTree = "<group>"; };
		31E895041E84998F0038E70A /* ViewController.swift */ = {isa = PBXFileReference; lastKnownFileType = sourcecode.swift; path = ViewController.swift; sourceTree = "<group>"; };
		31E895071E84998F0038E70A /* Base */ = {isa = PBXFileReference; lastKnownFileType = file.storyboard; name = Base; path = Base.lproj/Main.storyboard; sourceTree = "<group>"; };
		31E895091E84998F0038E70A /* Assets.xcassets */ = {isa = PBXFileReference; lastKnownFileType = folder.assetcatalog; path = Assets.xcassets; sourceTree = "<group>"; };
		31E8950C1E84998F0038E70A /* Base */ = {isa = PBXFileReference; lastKnownFileType = file.storyboard; name = Base; path = Base.lproj/LaunchScreen.storyboard; sourceTree = "<group>"; };
		31E8950E1E84998F0038E70A /* Info.plist */ = {isa = PBXFileReference; lastKnownFileType = text.plist.xml; path = Info.plist; sourceTree = "<group>"; };
		31E895131E84998F0038E70A /* CatalogApplicationTests.xctest */ = {isa = PBXFileReference; explicitFileType = wrapper.cfbundle; includeInIndex = 0; path = CatalogApplicationTests.xctest; sourceTree = BUILT_PRODUCTS_DIR; };
		31E895171E84998F0038E70A /* CatalogApplicationTests.swift */ = {isa = PBXFileReference; lastKnownFileType = sourcecode.swift; path = CatalogApplicationTests.swift; sourceTree = "<group>"; };
		31E895191E84998F0038E70A /* Info.plist */ = {isa = PBXFileReference; lastKnownFileType = text.plist.xml; path = Info.plist; sourceTree = "<group>"; };
		31E8951E1E84998F0038E70A /* CatalogApplicationUITests.xctest */ = {isa = PBXFileReference; explicitFileType = wrapper.cfbundle; includeInIndex = 0; path = CatalogApplicationUITests.xctest; sourceTree = BUILT_PRODUCTS_DIR; };
		31E895221E84998F0038E70A /* CatalogApplicationUITests.swift */ = {isa = PBXFileReference; lastKnownFileType = sourcecode.swift; path = CatalogApplicationUITests.swift; sourceTree = "<group>"; };
		31E895241E84998F0038E70A /* Info.plist */ = {isa = PBXFileReference; lastKnownFileType = text.plist.xml; path = Info.plist; sourceTree = "<group>"; };
		31E895461E85DB220038E70A /* ProfileViewController.swift */ = {isa = PBXFileReference; fileEncoding = 4; lastKnownFileType = sourcecode.swift; path = ProfileViewController.swift; sourceTree = "<group>"; };
		31F182801E898A27002635CA /* MediaTableViewController.swift */ = {isa = PBXFileReference; fileEncoding = 4; lastKnownFileType = sourcecode.swift; path = MediaTableViewController.swift; sourceTree = "<group>"; };
		31F182821E898BDE002635CA /* MoviesViewController.swift */ = {isa = PBXFileReference; fileEncoding = 4; lastKnownFileType = sourcecode.swift; path = MoviesViewController.swift; sourceTree = "<group>"; };
		31F182841E898C4E002635CA /* MediaTableViewCell.xib */ = {isa = PBXFileReference; fileEncoding = 4; lastKnownFileType = file.xib; path = MediaTableViewCell.xib; sourceTree = "<group>"; };
		31F182861E898D87002635CA /* MediaTableViewCell.swift */ = {isa = PBXFileReference; fileEncoding = 4; lastKnownFileType = sourcecode.swift; path = MediaTableViewCell.swift; sourceTree = "<group>"; };
		31F182881E89B963002635CA /* MoviesService.swift */ = {isa = PBXFileReference; fileEncoding = 4; lastKnownFileType = sourcecode.swift; path = MoviesService.swift; sourceTree = "<group>"; };
		31F1828A1E89B971002635CA /* MoviesDataLayer.swift */ = {isa = PBXFileReference; fileEncoding = 4; lastKnownFileType = sourcecode.swift; path = MoviesDataLayer.swift; sourceTree = "<group>"; };
		31F1828C1E89B995002635CA /* APIManager.swift */ = {isa = PBXFileReference; fileEncoding = 4; lastKnownFileType = sourcecode.swift; path = APIManager.swift; sourceTree = "<group>"; };
		31F182901E89BE73002635CA /* MediaRouter.swift */ = {isa = PBXFileReference; fileEncoding = 4; lastKnownFileType = sourcecode.swift; path = MediaRouter.swift; sourceTree = "<group>"; };
		31F182921E89CE13002635CA /* Movie.swift */ = {isa = PBXFileReference; fileEncoding = 4; lastKnownFileType = sourcecode.swift; path = Movie.swift; sourceTree = "<group>"; };
		31F182941E8AC63F002635CA /* MediaDetailsViewController.swift */ = {isa = PBXFileReference; fileEncoding = 4; lastKnownFileType = sourcecode.swift; path = MediaDetailsViewController.swift; sourceTree = "<group>"; };
		31F182961E8ACFF9002635CA /* WebViewController.swift */ = {isa = PBXFileReference; fileEncoding = 4; lastKnownFileType = sourcecode.swift; path = WebViewController.swift; sourceTree = "<group>"; };
		31F182981E8AE123002635CA /* BooksViewController.swift */ = {isa = PBXFileReference; fileEncoding = 4; lastKnownFileType = sourcecode.swift; path = BooksViewController.swift; sourceTree = "<group>"; };
		31F1829A1E8AE166002635CA /* BooksDataLayer.swift */ = {isa = PBXFileReference; fileEncoding = 4; lastKnownFileType = sourcecode.swift; path = BooksDataLayer.swift; sourceTree = "<group>"; };
		31F1829C1E8AE180002635CA /* BooksService.swift */ = {isa = PBXFileReference; fileEncoding = 4; lastKnownFileType = sourcecode.swift; path = BooksService.swift; sourceTree = "<group>"; };
		31F1829E1E8AE2C0002635CA /* Book.swift */ = {isa = PBXFileReference; fileEncoding = 4; lastKnownFileType = sourcecode.swift; path = Book.swift; sourceTree = "<group>"; };
		31F182A01E8B1C43002635CA /* TopCategoriesTableViewController.swift */ = {isa = PBXFileReference; fileEncoding = 4; lastKnownFileType = sourcecode.swift; path = TopCategoriesTableViewController.swift; sourceTree = "<group>"; };
		31F182A21E8B1CA9002635CA /* Categories.swift */ = {isa = PBXFileReference; fileEncoding = 4; lastKnownFileType = sourcecode.swift; path = Categories.swift; sourceTree = "<group>"; };
		31F182A41E8B1F4D002635CA /* CategoryTableViewCell.xib */ = {isa = PBXFileReference; fileEncoding = 4; lastKnownFileType = file.xib; path = CategoryTableViewCell.xib; sourceTree = "<group>"; };
		31F182A61E8B1FDC002635CA /* CategoryTableViewCell.swift */ = {isa = PBXFileReference; fileEncoding = 4; lastKnownFileType = sourcecode.swift; path = CategoryTableViewCell.swift; sourceTree = "<group>"; };
		31F182A81E8B3184002635CA /* CategoryTableViewController.swift */ = {isa = PBXFileReference; fileEncoding = 4; lastKnownFileType = sourcecode.swift; path = CategoryTableViewController.swift; sourceTree = "<group>"; };
		31F182AC1E8C2622002635CA /* ListObject.swift */ = {isa = PBXFileReference; fileEncoding = 4; lastKnownFileType = sourcecode.swift; path = ListObject.swift; sourceTree = "<group>"; };
		31F182AE1E8C2940002635CA /* TopCategoriesService.swift */ = {isa = PBXFileReference; fileEncoding = 4; lastKnownFileType = sourcecode.swift; path = TopCategoriesService.swift; sourceTree = "<group>"; };
		31F182B01E8C2BF3002635CA /* TopCategoriesDataLayer.swift */ = {isa = PBXFileReference; fileEncoding = 4; lastKnownFileType = sourcecode.swift; path = TopCategoriesDataLayer.swift; sourceTree = "<group>"; };
		31F182B21E8CE5ED002635CA /* TopObject.swift */ = {isa = PBXFileReference; fileEncoding = 4; lastKnownFileType = sourcecode.swift; path = TopObject.swift; sourceTree = "<group>"; };
		31F182B41E8CEA59002635CA /* DataLayer.swift */ = {isa = PBXFileReference; fileEncoding = 4; lastKnownFileType = sourcecode.swift; path = DataLayer.swift; sourceTree = "<group>"; };
		3A3CBF246F36011EB0611C04 /* Pods-CatalogApplicationTests.debug.xcconfig */ = {isa = PBXFileReference; includeInIndex = 1; lastKnownFileType = text.xcconfig; name = "Pods-CatalogApplicationTests.debug.xcconfig"; path = "Pods/Target Support Files/Pods-CatalogApplicationTests/Pods-CatalogApplicationTests.debug.xcconfig"; sourceTree = "<group>"; };
		3C4F4FA6BF8A5C2730D02C56 /* Pods_CatalogApplicationTests.framework */ = {isa = PBXFileReference; explicitFileType = wrapper.framework; includeInIndex = 0; path = Pods_CatalogApplicationTests.framework; sourceTree = BUILT_PRODUCTS_DIR; };
		477B2E9865F9F93D2BD1A996 /* Pods-CatalogApplicationTests.release.xcconfig */ = {isa = PBXFileReference; includeInIndex = 1; lastKnownFileType = text.xcconfig; name = "Pods-CatalogApplicationTests.release.xcconfig"; path = "Pods/Target Support Files/Pods-CatalogApplicationTests/Pods-CatalogApplicationTests.release.xcconfig"; sourceTree = "<group>"; };
		5C59E4A50F00336FA901D416 /* Pods-CatalogApplication.debug.xcconfig */ = {isa = PBXFileReference; includeInIndex = 1; lastKnownFileType = text.xcconfig; name = "Pods-CatalogApplication.debug.xcconfig"; path = "Pods/Target Support Files/Pods-CatalogApplication/Pods-CatalogApplication.debug.xcconfig"; sourceTree = "<group>"; };
		B11A7A11B22EA73A1DC1BC4A /* Pods-CatalogApplicationUITests.release.xcconfig */ = {isa = PBXFileReference; includeInIndex = 1; lastKnownFileType = text.xcconfig; name = "Pods-CatalogApplicationUITests.release.xcconfig"; path = "Pods/Target Support Files/Pods-CatalogApplicationUITests/Pods-CatalogApplicationUITests.release.xcconfig"; sourceTree = "<group>"; };
		D3871534ECC76146D3316D71 /* Pods-CatalogApplication.release.xcconfig */ = {isa = PBXFileReference; includeInIndex = 1; lastKnownFileType = text.xcconfig; name = "Pods-CatalogApplication.release.xcconfig"; path = "Pods/Target Support Files/Pods-CatalogApplication/Pods-CatalogApplication.release.xcconfig"; sourceTree = "<group>"; };
/* End PBXFileReference section */

/* Begin PBXFrameworksBuildPhase section */
		31E894FC1E84998F0038E70A /* Frameworks */ = {
			isa = PBXFrameworksBuildPhase;
			buildActionMask = 2147483647;
			files = (
				7D872E0AD77552922A4D72DC /* Pods_CatalogApplication.framework in Frameworks */,
			);
			runOnlyForDeploymentPostprocessing = 0;
		};
		31E895101E84998F0038E70A /* Frameworks */ = {
			isa = PBXFrameworksBuildPhase;
			buildActionMask = 2147483647;
			files = (
				FBE4310267742BDD12A41413 /* Pods_CatalogApplicationTests.framework in Frameworks */,
			);
			runOnlyForDeploymentPostprocessing = 0;
		};
		31E8951B1E84998F0038E70A /* Frameworks */ = {
			isa = PBXFrameworksBuildPhase;
			buildActionMask = 2147483647;
			files = (
				9BE0EEE4F8FD921694B9833E /* Pods_CatalogApplicationUITests.framework in Frameworks */,
			);
			runOnlyForDeploymentPostprocessing = 0;
		};
/* End PBXFrameworksBuildPhase section */

/* Begin PBXGroup section */
		31E894F61E84998F0038E70A = {
			isa = PBXGroup;
			children = (
				31E895011E84998F0038E70A /* CatalogApplication */,
				31E895161E84998F0038E70A /* CatalogApplicationTests */,
				31E895211E84998F0038E70A /* CatalogApplicationUITests */,
				69D1DD644063E3F7F1C454E2 /* Frameworks */,
				BBF55ED39AC3116D00B23277 /* Pods */,
				31E895001E84998F0038E70A /* Products */,
			);
			sourceTree = "<group>";
		};
		31E895001E84998F0038E70A /* Products */ = {
			isa = PBXGroup;
			children = (
				31E894FF1E84998F0038E70A /* CatalogApplication.app */,
				31E895131E84998F0038E70A /* CatalogApplicationTests.xctest */,
				31E8951E1E84998F0038E70A /* CatalogApplicationUITests.xctest */,
			);
			name = Products;
			sourceTree = "<group>";
		};
		31E895011E84998F0038E70A /* CatalogApplication */ = {
			isa = PBXGroup;
			children = (
				31E895351E8583E90038E70A /* DataAccess */,
				31E8953A1E8584700038E70A /* Models */,
				31E895391E8584580038E70A /* Utilities */,
				31E895311E8583970038E70A /* ViewControllers */,
				31E895321E8583A50038E70A /* Views */,
				31E895021E84998F0038E70A /* AppDelegate.swift */,
				31E895091E84998F0038E70A /* Assets.xcassets */,
				31E8950E1E84998F0038E70A /* Info.plist */,
			);
			path = CatalogApplication;
			sourceTree = "<group>";
		};
		31E895161E84998F0038E70A /* CatalogApplicationTests */ = {
			isa = PBXGroup;
			children = (
				31E895171E84998F0038E70A /* CatalogApplicationTests.swift */,
				31E895191E84998F0038E70A /* Info.plist */,
			);
			path = CatalogApplicationTests;
			sourceTree = "<group>";
		};
		31E895211E84998F0038E70A /* CatalogApplicationUITests */ = {
			isa = PBXGroup;
			children = (
				31E895221E84998F0038E70A /* CatalogApplicationUITests.swift */,
				31E895241E84998F0038E70A /* Info.plist */,
			);
			path = CatalogApplicationUITests;
			sourceTree = "<group>";
		};
		31E895311E8583970038E70A /* ViewControllers */ = {
			isa = PBXGroup;
			children = (
				31F182981E8AE123002635CA /* BooksViewController.swift */,
				31F182A81E8B3184002635CA /* CategoryTableViewController.swift */,
				31F182941E8AC63F002635CA /* MediaDetailsViewController.swift */,
				31F182801E898A27002635CA /* MediaTableViewController.swift */,
				31F182821E898BDE002635CA /* MoviesViewController.swift */,
				31E895461E85DB220038E70A /* ProfileViewController.swift */,
				31F182A01E8B1C43002635CA /* TopCategoriesTableViewController.swift */,
				31E895041E84998F0038E70A /* ViewController.swift */,
				31F182961E8ACFF9002635CA /* WebViewController.swift */,
			);
			path = ViewControllers;
			sourceTree = "<group>";
		};
		31E895321E8583A50038E70A /* Views */ = {
			isa = PBXGroup;
			children = (
				31E895341E8583D40038E70A /* ReusableViews */,
				31E895331E8583CB0038E70A /* Storyboards */,
			);
			path = Views;
			sourceTree = "<group>";
		};
		31E895331E8583CB0038E70A /* Storyboards */ = {
			isa = PBXGroup;
			children = (
				31E8950B1E84998F0038E70A /* LaunchScreen.storyboard */,
				31E895061E84998F0038E70A /* Main.storyboard */,
			);
			path = Storyboards;
			sourceTree = "<group>";
		};
		31E895341E8583D40038E70A /* ReusableViews */ = {
			isa = PBXGroup;
			children = (
				31F182A61E8B1FDC002635CA /* CategoryTableViewCell.swift */,
				31F182A41E8B1F4D002635CA /* CategoryTableViewCell.xib */,
				31F182861E898D87002635CA /* MediaTableViewCell.swift */,
				31F182841E898C4E002635CA /* MediaTableViewCell.xib */,
			);
			path = ReusableViews;
			sourceTree = "<group>";
		};
		31E895351E8583E90038E70A /* DataAccess */ = {
			isa = PBXGroup;
			children = (
				31E895371E8584390038E70A /* DataLayers */,
				31E895381E85844A0038E70A /* Routers */,
				31E895361E8584270038E70A /* Services */,
			);
			path = DataAccess;
			sourceTree = "<group>";
		};
		31E895361E8584270038E70A /* Services */ = {
			isa = PBXGroup;
			children = (
				31F1829C1E8AE180002635CA /* BooksService.swift */,
				31F182881E89B963002635CA /* MoviesService.swift */,
				31F182AE1E8C2940002635CA /* TopCategoriesService.swift */,
			);
			path = Services;
			sourceTree = "<group>";
		};
		31E895371E8584390038E70A /* DataLayers */ = {
			isa = PBXGroup;
			children = (
				31F1829A1E8AE166002635CA /* BooksDataLayer.swift */,
				31F1828A1E89B971002635CA /* MoviesDataLayer.swift */,
				31F182B01E8C2BF3002635CA /* TopCategoriesDataLayer.swift */,
				31F182B41E8CEA59002635CA /* DataLayer.swift */,
			);
			path = DataLayers;
			sourceTree = "<group>";
		};
		31E895381E85844A0038E70A /* Routers */ = {
			isa = PBXGroup;
			children = (
				31F1828C1E89B995002635CA /* APIManager.swift */,
				31F182901E89BE73002635CA /* MediaRouter.swift */,
			);
			path = Routers;
			sourceTree = "<group>";
		};
		31E895391E8584580038E70A /* Utilities */ = {
			isa = PBXGroup;
			children = (
			);
			path = Utilities;
			sourceTree = "<group>";
		};
		31E8953A1E8584700038E70A /* Models */ = {
			isa = PBXGroup;
			children = (
				31F1829E1E8AE2C0002635CA /* Book.swift */,
				31F182A21E8B1CA9002635CA /* Categories.swift */,
				31F182AC1E8C2622002635CA /* ListObject.swift */,
				31F182921E89CE13002635CA /* Movie.swift */,
				31F182B21E8CE5ED002635CA /* TopObject.swift */,
			);
			path = Models;
			sourceTree = "<group>";
		};
		69D1DD644063E3F7F1C454E2 /* Frameworks */ = {
			isa = PBXGroup;
			children = (
				086D1B6E6FCDE95D99E2EF53 /* Pods_CatalogApplication.framework */,
				3C4F4FA6BF8A5C2730D02C56 /* Pods_CatalogApplicationTests.framework */,
				01290D279A0F3A000442AB9D /* Pods_CatalogApplicationUITests.framework */,
			);
			name = Frameworks;
			sourceTree = "<group>";
		};
		BBF55ED39AC3116D00B23277 /* Pods */ = {
			isa = PBXGroup;
			children = (
				5C59E4A50F00336FA901D416 /* Pods-CatalogApplication.debug.xcconfig */,
				D3871534ECC76146D3316D71 /* Pods-CatalogApplication.release.xcconfig */,
				3A3CBF246F36011EB0611C04 /* Pods-CatalogApplicationTests.debug.xcconfig */,
				477B2E9865F9F93D2BD1A996 /* Pods-CatalogApplicationTests.release.xcconfig */,
				184D9116D00295ADF28113A4 /* Pods-CatalogApplicationUITests.debug.xcconfig */,
				B11A7A11B22EA73A1DC1BC4A /* Pods-CatalogApplicationUITests.release.xcconfig */,
			);
			name = Pods;
			sourceTree = "<group>";
		};
/* End PBXGroup section */

/* Begin PBXNativeTarget section */
		31E894FE1E84998F0038E70A /* CatalogApplication */ = {
			isa = PBXNativeTarget;
			buildConfigurationList = 31E895271E84998F0038E70A /* Build configuration list for PBXNativeTarget "CatalogApplication" */;
			buildPhases = (
				1F8FA1A2D71489C0E190DC60 /* [CP] Check Pods Manifest.lock */,
				31E894FB1E84998F0038E70A /* Sources */,
				31E894FC1E84998F0038E70A /* Frameworks */,
				31E894FD1E84998F0038E70A /* Resources */,
				F82D7C0ED086E455D93E2BA0 /* [CP] Embed Pods Frameworks */,
				5F3DB8A7A82798AD53EE162A /* [CP] Copy Pods Resources */,
			);
			buildRules = (
			);
			dependencies = (
			);
			name = CatalogApplication;
			productName = CatalogApplication;
			productReference = 31E894FF1E84998F0038E70A /* CatalogApplication.app */;
			productType = "com.apple.product-type.application";
		};
		31E895121E84998F0038E70A /* CatalogApplicationTests */ = {
			isa = PBXNativeTarget;
			buildConfigurationList = 31E8952A1E84998F0038E70A /* Build configuration list for PBXNativeTarget "CatalogApplicationTests" */;
			buildPhases = (
				FD944CED57A44DD5276D73CC /* [CP] Check Pods Manifest.lock */,
				31E8950F1E84998F0038E70A /* Sources */,
				31E895101E84998F0038E70A /* Frameworks */,
				31E895111E84998F0038E70A /* Resources */,
				3EE1B1EB973D6DE4F221E9A5 /* [CP] Embed Pods Frameworks */,
				205765D62BB919605F9B83DA /* [CP] Copy Pods Resources */,
			);
			buildRules = (
			);
			dependencies = (
				31E895151E84998F0038E70A /* PBXTargetDependency */,
			);
			name = CatalogApplicationTests;
			productName = CatalogApplicationTests;
			productReference = 31E895131E84998F0038E70A /* CatalogApplicationTests.xctest */;
			productType = "com.apple.product-type.bundle.unit-test";
		};
		31E8951D1E84998F0038E70A /* CatalogApplicationUITests */ = {
			isa = PBXNativeTarget;
			buildConfigurationList = 31E8952D1E84998F0038E70A /* Build configuration list for PBXNativeTarget "CatalogApplicationUITests" */;
			buildPhases = (
				A1D20DE7E945984E93630F78 /* [CP] Check Pods Manifest.lock */,
				31E8951A1E84998F0038E70A /* Sources */,
				31E8951B1E84998F0038E70A /* Frameworks */,
				31E8951C1E84998F0038E70A /* Resources */,
				D4E2AFC0A35209108DBC4669 /* [CP] Embed Pods Frameworks */,
				E392978146B6F4750FDA22D2 /* [CP] Copy Pods Resources */,
			);
			buildRules = (
			);
			dependencies = (
				31E895201E84998F0038E70A /* PBXTargetDependency */,
			);
			name = CatalogApplicationUITests;
			productName = CatalogApplicationUITests;
			productReference = 31E8951E1E84998F0038E70A /* CatalogApplicationUITests.xctest */;
			productType = "com.apple.product-type.bundle.ui-testing";
		};
/* End PBXNativeTarget section */

/* Begin PBXProject section */
		31E894F71E84998F0038E70A /* Project object */ = {
			isa = PBXProject;
			attributes = {
				LastSwiftUpdateCheck = 0820;
				LastUpgradeCheck = 0820;
				ORGANIZATIONNAME = Alejos;
				TargetAttributes = {
					31E894FE1E84998F0038E70A = {
						CreatedOnToolsVersion = 8.2.1;
						ProvisioningStyle = Automatic;
					};
					31E895121E84998F0038E70A = {
						CreatedOnToolsVersion = 8.2.1;
						ProvisioningStyle = Automatic;
						TestTargetID = 31E894FE1E84998F0038E70A;
					};
					31E8951D1E84998F0038E70A = {
						CreatedOnToolsVersion = 8.2.1;
						ProvisioningStyle = Automatic;
						TestTargetID = 31E894FE1E84998F0038E70A;
					};
				};
			};
			buildConfigurationList = 31E894FA1E84998F0038E70A /* Build configuration list for PBXProject "CatalogApplication" */;
			compatibilityVersion = "Xcode 3.2";
			developmentRegion = English;
			hasScannedForEncodings = 0;
			knownRegions = (
				en,
				Base,
			);
			mainGroup = 31E894F61E84998F0038E70A;
			productRefGroup = 31E895001E84998F0038E70A /* Products */;
			projectDirPath = "";
			projectRoot = "";
			targets = (
				31E894FE1E84998F0038E70A /* CatalogApplication */,
				31E895121E84998F0038E70A /* CatalogApplicationTests */,
				31E8951D1E84998F0038E70A /* CatalogApplicationUITests */,
			);
		};
/* End PBXProject section */

/* Begin PBXResourcesBuildPhase section */
		31E894FD1E84998F0038E70A /* Resources */ = {
			isa = PBXResourcesBuildPhase;
			buildActionMask = 2147483647;
			files = (
				31E8950D1E84998F0038E70A /* LaunchScreen.storyboard in Resources */,
				31F182A51E8B1F4D002635CA /* CategoryTableViewCell.xib in Resources */,
				31E8950A1E84998F0038E70A /* Assets.xcassets in Resources */,
				31F182851E898C4E002635CA /* MediaTableViewCell.xib in Resources */,
				31E895081E84998F0038E70A /* Main.storyboard in Resources */,
			);
			runOnlyForDeploymentPostprocessing = 0;
		};
		31E895111E84998F0038E70A /* Resources */ = {
			isa = PBXResourcesBuildPhase;
			buildActionMask = 2147483647;
			files = (
			);
			runOnlyForDeploymentPostprocessing = 0;
		};
		31E8951C1E84998F0038E70A /* Resources */ = {
			isa = PBXResourcesBuildPhase;
			buildActionMask = 2147483647;
			files = (
			);
			runOnlyForDeploymentPostprocessing = 0;
		};
/* End PBXResourcesBuildPhase section */

/* Begin PBXShellScriptBuildPhase section */
		1F8FA1A2D71489C0E190DC60 /* [CP] Check Pods Manifest.lock */ = {
			isa = PBXShellScriptBuildPhase;
			buildActionMask = 2147483647;
			files = (
			);
			inputPaths = (
			);
			name = "[CP] Check Pods Manifest.lock";
			outputPaths = (
			);
			runOnlyForDeploymentPostprocessing = 0;
			shellPath = /bin/sh;
			shellScript = "diff \"${PODS_ROOT}/../Podfile.lock\" \"${PODS_ROOT}/Manifest.lock\" > /dev/null\nif [ $? != 0 ] ; then\n    # print error to STDERR\n    echo \"error: The sandbox is not in sync with the Podfile.lock. Run 'pod install' or update your CocoaPods installation.\" >&2\n    exit 1\nfi\n";
			showEnvVarsInLog = 0;
		};
		205765D62BB919605F9B83DA /* [CP] Copy Pods Resources */ = {
			isa = PBXShellScriptBuildPhase;
			buildActionMask = 2147483647;
			files = (
			);
			inputPaths = (
			);
			name = "[CP] Copy Pods Resources";
			outputPaths = (
			);
			runOnlyForDeploymentPostprocessing = 0;
			shellPath = /bin/sh;
			shellScript = "\"${SRCROOT}/Pods/Target Support Files/Pods-CatalogApplicationTests/Pods-CatalogApplicationTests-resources.sh\"\n";
			showEnvVarsInLog = 0;
		};
		3EE1B1EB973D6DE4F221E9A5 /* [CP] Embed Pods Frameworks */ = {
			isa = PBXShellScriptBuildPhase;
			buildActionMask = 2147483647;
			files = (
			);
			inputPaths = (
			);
			name = "[CP] Embed Pods Frameworks";
			outputPaths = (
			);
			runOnlyForDeploymentPostprocessing = 0;
			shellPath = /bin/sh;
			shellScript = "\"${SRCROOT}/Pods/Target Support Files/Pods-CatalogApplicationTests/Pods-CatalogApplicationTests-frameworks.sh\"\n";
			showEnvVarsInLog = 0;
		};
		5F3DB8A7A82798AD53EE162A /* [CP] Copy Pods Resources */ = {
			isa = PBXShellScriptBuildPhase;
			buildActionMask = 2147483647;
			files = (
			);
			inputPaths = (
			);
			name = "[CP] Copy Pods Resources";
			outputPaths = (
			);
			runOnlyForDeploymentPostprocessing = 0;
			shellPath = /bin/sh;
			shellScript = "\"${SRCROOT}/Pods/Target Support Files/Pods-CatalogApplication/Pods-CatalogApplication-resources.sh\"\n";
			showEnvVarsInLog = 0;
		};
		A1D20DE7E945984E93630F78 /* [CP] Check Pods Manifest.lock */ = {
			isa = PBXShellScriptBuildPhase;
			buildActionMask = 2147483647;
			files = (
			);
			inputPaths = (
			);
			name = "[CP] Check Pods Manifest.lock";
			outputPaths = (
			);
			runOnlyForDeploymentPostprocessing = 0;
			shellPath = /bin/sh;
			shellScript = "diff \"${PODS_ROOT}/../Podfile.lock\" \"${PODS_ROOT}/Manifest.lock\" > /dev/null\nif [ $? != 0 ] ; then\n    # print error to STDERR\n    echo \"error: The sandbox is not in sync with the Podfile.lock. Run 'pod install' or update your CocoaPods installation.\" >&2\n    exit 1\nfi\n";
			showEnvVarsInLog = 0;
		};
		D4E2AFC0A35209108DBC4669 /* [CP] Embed Pods Frameworks */ = {
			isa = PBXShellScriptBuildPhase;
			buildActionMask = 2147483647;
			files = (
			);
			inputPaths = (
			);
			name = "[CP] Embed Pods Frameworks";
			outputPaths = (
			);
			runOnlyForDeploymentPostprocessing = 0;
			shellPath = /bin/sh;
			shellScript = "\"${SRCROOT}/Pods/Target Support Files/Pods-CatalogApplicationUITests/Pods-CatalogApplicationUITests-frameworks.sh\"\n";
			showEnvVarsInLog = 0;
		};
		E392978146B6F4750FDA22D2 /* [CP] Copy Pods Resources */ = {
			isa = PBXShellScriptBuildPhase;
			buildActionMask = 2147483647;
			files = (
			);
			inputPaths = (
			);
			name = "[CP] Copy Pods Resources";
			outputPaths = (
			);
			runOnlyForDeploymentPostprocessing = 0;
			shellPath = /bin/sh;
			shellScript = "\"${SRCROOT}/Pods/Target Support Files/Pods-CatalogApplicationUITests/Pods-CatalogApplicationUITests-resources.sh\"\n";
			showEnvVarsInLog = 0;
		};
		F82D7C0ED086E455D93E2BA0 /* [CP] Embed Pods Frameworks */ = {
			isa = PBXShellScriptBuildPhase;
			buildActionMask = 2147483647;
			files = (
			);
			inputPaths = (
			);
			name = "[CP] Embed Pods Frameworks";
			outputPaths = (
			);
			runOnlyForDeploymentPostprocessing = 0;
			shellPath = /bin/sh;
			shellScript = "\"${SRCROOT}/Pods/Target Support Files/Pods-CatalogApplication/Pods-CatalogApplication-frameworks.sh\"\n";
			showEnvVarsInLog = 0;
		};
		FD944CED57A44DD5276D73CC /* [CP] Check Pods Manifest.lock */ = {
			isa = PBXShellScriptBuildPhase;
			buildActionMask = 2147483647;
			files = (
			);
			inputPaths = (
			);
			name = "[CP] Check Pods Manifest.lock";
			outputPaths = (
			);
			runOnlyForDeploymentPostprocessing = 0;
			shellPath = /bin/sh;
			shellScript = "diff \"${PODS_ROOT}/../Podfile.lock\" \"${PODS_ROOT}/Manifest.lock\" > /dev/null\nif [ $? != 0 ] ; then\n    # print error to STDERR\n    echo \"error: The sandbox is not in sync with the Podfile.lock. Run 'pod install' or update your CocoaPods installation.\" >&2\n    exit 1\nfi\n";
			showEnvVarsInLog = 0;
		};
/* End PBXShellScriptBuildPhase section */

/* Begin PBXSourcesBuildPhase section */
		31E894FB1E84998F0038E70A /* Sources */ = {
			isa = PBXSourcesBuildPhase;
			buildActionMask = 2147483647;
			files = (
				31F182B31E8CE5ED002635CA /* TopObject.swift in Sources */,
				31F182AF1E8C2940002635CA /* TopCategoriesService.swift in Sources */,
				31E895471E85DB220038E70A /* ProfileViewController.swift in Sources */,
				31F1828D1E89B995002635CA /* APIManager.swift in Sources */,
				31F182811E898A27002635CA /* MediaTableViewController.swift in Sources */,
				31E895051E84998F0038E70A /* ViewController.swift in Sources */,
				31F182891E89B963002635CA /* MoviesService.swift in Sources */,
				31F182B51E8CEA59002635CA /* DataLayer.swift in Sources */,
				31F182931E89CE13002635CA /* Movie.swift in Sources */,
				31F1828B1E89B971002635CA /* MoviesDataLayer.swift in Sources */,
				31F182911E89BE73002635CA /* MediaRouter.swift in Sources */,
				31F182971E8ACFF9002635CA /* WebViewController.swift in Sources */,
				31F182A31E8B1CA9002635CA /* Categories.swift in Sources */,
				31E895031E84998F0038E70A /* AppDelegate.swift in Sources */,
				31F182831E898BDE002635CA /* MoviesViewController.swift in Sources */,
				31F182A11E8B1C43002635CA /* TopCategoriesTableViewController.swift in Sources */,
				31F182951E8AC63F002635CA /* MediaDetailsViewController.swift in Sources */,
				31F182A91E8B3184002635CA /* CategoryTableViewController.swift in Sources */,
				31F1829D1E8AE180002635CA /* BooksService.swift in Sources */,
				31F182A71E8B1FDC002635CA /* CategoryTableViewCell.swift in Sources */,
				31F182871E898D87002635CA /* MediaTableViewCell.swift in Sources */,
				31F1829B1E8AE166002635CA /* BooksDataLayer.swift in Sources */,
				31F182991E8AE123002635CA /* BooksViewController.swift in Sources */,
				31F182AD1E8C2622002635CA /* ListObject.swift in Sources */,
				31F1829F1E8AE2C0002635CA /* Book.swift in Sources */,
				31F182B11E8C2BF3002635CA /* TopCategoriesDataLayer.swift in Sources */,
			);
			runOnlyForDeploymentPostprocessing = 0;
		};
		31E8950F1E84998F0038E70A /* Sources */ = {
			isa = PBXSourcesBuildPhase;
			buildActionMask = 2147483647;
			files = (
				31E895181E84998F0038E70A /* CatalogApplicationTests.swift in Sources */,
			);
			runOnlyForDeploymentPostprocessing = 0;
		};
		31E8951A1E84998F0038E70A /* Sources */ = {
			isa = PBXSourcesBuildPhase;
			buildActionMask = 2147483647;
			files = (
				31E895231E84998F0038E70A /* CatalogApplicationUITests.swift in Sources */,
			);
			runOnlyForDeploymentPostprocessing = 0;
		};
/* End PBXSourcesBuildPhase section */

/* Begin PBXTargetDependency section */
		31E895151E84998F0038E70A /* PBXTargetDependency */ = {
			isa = PBXTargetDependency;
			target = 31E894FE1E84998F0038E70A /* CatalogApplication */;
			targetProxy = 31E895141E84998F0038E70A /* PBXContainerItemProxy */;
		};
		31E895201E84998F0038E70A /* PBXTargetDependency */ = {
			isa = PBXTargetDependency;
			target = 31E894FE1E84998F0038E70A /* CatalogApplication */;
			targetProxy = 31E8951F1E84998F0038E70A /* PBXContainerItemProxy */;
		};
/* End PBXTargetDependency section */

/* Begin PBXVariantGroup section */
		31E895061E84998F0038E70A /* Main.storyboard */ = {
			isa = PBXVariantGroup;
			children = (
				31E895071E84998F0038E70A /* Base */,
			);
			name = Main.storyboard;
			path = .;
			sourceTree = "<group>";
		};
		31E8950B1E84998F0038E70A /* LaunchScreen.storyboard */ = {
			isa = PBXVariantGroup;
			children = (
				31E8950C1E84998F0038E70A /* Base */,
			);
			name = LaunchScreen.storyboard;
			path = .;
			sourceTree = "<group>";
		};
/* End PBXVariantGroup section */

/* Begin XCBuildConfiguration section */
		31E895251E84998F0038E70A /* Debug */ = {
			isa = XCBuildConfiguration;
			buildSettings = {
				ALWAYS_SEARCH_USER_PATHS = NO;
				CLANG_ANALYZER_NONNULL = YES;
				CLANG_CXX_LANGUAGE_STANDARD = "gnu++0x";
				CLANG_CXX_LIBRARY = "libc++";
				CLANG_ENABLE_MODULES = YES;
				CLANG_ENABLE_OBJC_ARC = YES;
				CLANG_WARN_BOOL_CONVERSION = YES;
				CLANG_WARN_CONSTANT_CONVERSION = YES;
				CLANG_WARN_DIRECT_OBJC_ISA_USAGE = YES_ERROR;
				CLANG_WARN_DOCUMENTATION_COMMENTS = YES;
				CLANG_WARN_EMPTY_BODY = YES;
				CLANG_WARN_ENUM_CONVERSION = YES;
				CLANG_WARN_INFINITE_RECURSION = YES;
				CLANG_WARN_INT_CONVERSION = YES;
				CLANG_WARN_OBJC_ROOT_CLASS = YES_ERROR;
				CLANG_WARN_SUSPICIOUS_MOVE = YES;
				CLANG_WARN_UNREACHABLE_CODE = YES;
				CLANG_WARN__DUPLICATE_METHOD_MATCH = YES;
				"CODE_SIGN_IDENTITY[sdk=iphoneos*]" = "iPhone Developer";
				COPY_PHASE_STRIP = NO;
				DEBUG_INFORMATION_FORMAT = dwarf;
				ENABLE_STRICT_OBJC_MSGSEND = YES;
				ENABLE_TESTABILITY = YES;
				GCC_C_LANGUAGE_STANDARD = gnu99;
				GCC_DYNAMIC_NO_PIC = NO;
				GCC_NO_COMMON_BLOCKS = YES;
				GCC_OPTIMIZATION_LEVEL = 0;
				GCC_PREPROCESSOR_DEFINITIONS = (
					"DEBUG=1",
					"$(inherited)",
				);
				GCC_WARN_64_TO_32_BIT_CONVERSION = YES;
				GCC_WARN_ABOUT_RETURN_TYPE = YES_ERROR;
				GCC_WARN_UNDECLARED_SELECTOR = YES;
				GCC_WARN_UNINITIALIZED_AUTOS = YES_AGGRESSIVE;
				GCC_WARN_UNUSED_FUNCTION = YES;
				GCC_WARN_UNUSED_VARIABLE = YES;
				IPHONEOS_DEPLOYMENT_TARGET = 10.2;
				MTL_ENABLE_DEBUG_INFO = YES;
				ONLY_ACTIVE_ARCH = YES;
				SDKROOT = iphoneos;
				SWIFT_ACTIVE_COMPILATION_CONDITIONS = DEBUG;
				SWIFT_OPTIMIZATION_LEVEL = "-Onone";
				TARGETED_DEVICE_FAMILY = "1,2";
			};
			name = Debug;
		};
		31E895261E84998F0038E70A /* Release */ = {
			isa = XCBuildConfiguration;
			buildSettings = {
				ALWAYS_SEARCH_USER_PATHS = NO;
				CLANG_ANALYZER_NONNULL = YES;
				CLANG_CXX_LANGUAGE_STANDARD = "gnu++0x";
				CLANG_CXX_LIBRARY = "libc++";
				CLANG_ENABLE_MODULES = YES;
				CLANG_ENABLE_OBJC_ARC = YES;
				CLANG_WARN_BOOL_CONVERSION = YES;
				CLANG_WARN_CONSTANT_CONVERSION = YES;
				CLANG_WARN_DIRECT_OBJC_ISA_USAGE = YES_ERROR;
				CLANG_WARN_DOCUMENTATION_COMMENTS = YES;
				CLANG_WARN_EMPTY_BODY = YES;
				CLANG_WARN_ENUM_CONVERSION = YES;
				CLANG_WARN_INFINITE_RECURSION = YES;
				CLANG_WARN_INT_CONVERSION = YES;
				CLANG_WARN_OBJC_ROOT_CLASS = YES_ERROR;
				CLANG_WARN_SUSPICIOUS_MOVE = YES;
				CLANG_WARN_UNREACHABLE_CODE = YES;
				CLANG_WARN__DUPLICATE_METHOD_MATCH = YES;
				"CODE_SIGN_IDENTITY[sdk=iphoneos*]" = "iPhone Developer";
				COPY_PHASE_STRIP = NO;
				DEBUG_INFORMATION_FORMAT = "dwarf-with-dsym";
				ENABLE_NS_ASSERTIONS = NO;
				ENABLE_STRICT_OBJC_MSGSEND = YES;
				GCC_C_LANGUAGE_STANDARD = gnu99;
				GCC_NO_COMMON_BLOCKS = YES;
				GCC_WARN_64_TO_32_BIT_CONVERSION = YES;
				GCC_WARN_ABOUT_RETURN_TYPE = YES_ERROR;
				GCC_WARN_UNDECLARED_SELECTOR = YES;
				GCC_WARN_UNINITIALIZED_AUTOS = YES_AGGRESSIVE;
				GCC_WARN_UNUSED_FUNCTION = YES;
				GCC_WARN_UNUSED_VARIABLE = YES;
				IPHONEOS_DEPLOYMENT_TARGET = 10.2;
				MTL_ENABLE_DEBUG_INFO = NO;
				SDKROOT = iphoneos;
				SWIFT_OPTIMIZATION_LEVEL = "-Owholemodule";
				TARGETED_DEVICE_FAMILY = "1,2";
				VALIDATE_PRODUCT = YES;
			};
			name = Release;
		};
		31E895281E84998F0038E70A /* Debug */ = {
			isa = XCBuildConfiguration;
			baseConfigurationReference = 5C59E4A50F00336FA901D416 /* Pods-CatalogApplication.debug.xcconfig */;
			buildSettings = {
				ASSETCATALOG_COMPILER_APPICON_NAME = AppIcon;
				INFOPLIST_FILE = CatalogApplication/Info.plist;
				LD_RUNPATH_SEARCH_PATHS = "$(inherited) @executable_path/Frameworks";
				PRODUCT_BUNDLE_IDENTIFIER = nearsoft.CatalogApplication;
				PRODUCT_NAME = "$(TARGET_NAME)";
				SWIFT_VERSION = 3.0;
			};
			name = Debug;
		};
		31E895291E84998F0038E70A /* Release */ = {
			isa = XCBuildConfiguration;
			baseConfigurationReference = D3871534ECC76146D3316D71 /* Pods-CatalogApplication.release.xcconfig */;
			buildSettings = {
				ASSETCATALOG_COMPILER_APPICON_NAME = AppIcon;
				INFOPLIST_FILE = CatalogApplication/Info.plist;
				LD_RUNPATH_SEARCH_PATHS = "$(inherited) @executable_path/Frameworks";
				PRODUCT_BUNDLE_IDENTIFIER = nearsoft.CatalogApplication;
				PRODUCT_NAME = "$(TARGET_NAME)";
				SWIFT_VERSION = 3.0;
			};
			name = Release;
		};
		31E8952B1E84998F0038E70A /* Debug */ = {
			isa = XCBuildConfiguration;
			baseConfigurationReference = 3A3CBF246F36011EB0611C04 /* Pods-CatalogApplicationTests.debug.xcconfig */;
			buildSettings = {
				ALWAYS_EMBED_SWIFT_STANDARD_LIBRARIES = YES;
				BUNDLE_LOADER = "$(TEST_HOST)";
				INFOPLIST_FILE = CatalogApplicationTests/Info.plist;
				LD_RUNPATH_SEARCH_PATHS = "$(inherited) @executable_path/Frameworks @loader_path/Frameworks";
				PRODUCT_BUNDLE_IDENTIFIER = nearsoft.CatalogApplicationTests;
				PRODUCT_NAME = "$(TARGET_NAME)";
				SWIFT_VERSION = 3.0;
				TEST_HOST = "$(BUILT_PRODUCTS_DIR)/CatalogApplication.app/CatalogApplication";
			};
			name = Debug;
		};
		31E8952C1E84998F0038E70A /* Release */ = {
			isa = XCBuildConfiguration;
			baseConfigurationReference = 477B2E9865F9F93D2BD1A996 /* Pods-CatalogApplicationTests.release.xcconfig */;
			buildSettings = {
				ALWAYS_EMBED_SWIFT_STANDARD_LIBRARIES = YES;
				BUNDLE_LOADER = "$(TEST_HOST)";
				INFOPLIST_FILE = CatalogApplicationTests/Info.plist;
				LD_RUNPATH_SEARCH_PATHS = "$(inherited) @executable_path/Frameworks @loader_path/Frameworks";
				PRODUCT_BUNDLE_IDENTIFIER = nearsoft.CatalogApplicationTests;
				PRODUCT_NAME = "$(TARGET_NAME)";
				SWIFT_VERSION = 3.0;
				TEST_HOST = "$(BUILT_PRODUCTS_DIR)/CatalogApplication.app/CatalogApplication";
			};
			name = Release;
		};
		31E8952E1E84998F0038E70A /* Debug */ = {
			isa = XCBuildConfiguration;
			baseConfigurationReference = 184D9116D00295ADF28113A4 /* Pods-CatalogApplicationUITests.debug.xcconfig */;
			buildSettings = {
				ALWAYS_EMBED_SWIFT_STANDARD_LIBRARIES = YES;
				INFOPLIST_FILE = CatalogApplicationUITests/Info.plist;
				LD_RUNPATH_SEARCH_PATHS = "$(inherited) @executable_path/Frameworks @loader_path/Frameworks";
				PRODUCT_BUNDLE_IDENTIFIER = nearsoft.CatalogApplicationUITests;
				PRODUCT_NAME = "$(TARGET_NAME)";
				SWIFT_VERSION = 3.0;
				TEST_TARGET_NAME = CatalogApplication;
			};
			name = Debug;
		};
		31E8952F1E84998F0038E70A /* Release */ = {
			isa = XCBuildConfiguration;
			baseConfigurationReference = B11A7A11B22EA73A1DC1BC4A /* Pods-CatalogApplicationUITests.release.xcconfig */;
			buildSettings = {
				ALWAYS_EMBED_SWIFT_STANDARD_LIBRARIES = YES;
				INFOPLIST_FILE = CatalogApplicationUITests/Info.plist;
				LD_RUNPATH_SEARCH_PATHS = "$(inherited) @executable_path/Frameworks @loader_path/Frameworks";
				PRODUCT_BUNDLE_IDENTIFIER = nearsoft.CatalogApplicationUITests;
				PRODUCT_NAME = "$(TARGET_NAME)";
				SWIFT_VERSION = 3.0;
				TEST_TARGET_NAME = CatalogApplication;
			};
			name = Release;
		};
/* End XCBuildConfiguration section */

/* Begin XCConfigurationList section */
		31E894FA1E84998F0038E70A /* Build configuration list for PBXProject "CatalogApplication" */ = {
			isa = XCConfigurationList;
			buildConfigurations = (
				31E895251E84998F0038E70A /* Debug */,
				31E895261E84998F0038E70A /* Release */,
			);
			defaultConfigurationIsVisible = 0;
			defaultConfigurationName = Release;
		};
		31E895271E84998F0038E70A /* Build configuration list for PBXNativeTarget "CatalogApplication" */ = {
			isa = XCConfigurationList;
			buildConfigurations = (
				31E895281E84998F0038E70A /* Debug */,
				31E895291E84998F0038E70A /* Release */,
			);
			defaultConfigurationIsVisible = 0;
			defaultConfigurationName = Release;
		};
		31E8952A1E84998F0038E70A /* Build configuration list for PBXNativeTarget "CatalogApplicationTests" */ = {
			isa = XCConfigurationList;
			buildConfigurations = (
				31E8952B1E84998F0038E70A /* Debug */,
				31E8952C1E84998F0038E70A /* Release */,
			);
			defaultConfigurationIsVisible = 0;
			defaultConfigurationName = Release;
		};
		31E8952D1E84998F0038E70A /* Build configuration list for PBXNativeTarget "CatalogApplicationUITests" */ = {
			isa = XCConfigurationList;
			buildConfigurations = (
				31E8952E1E84998F0038E70A /* Debug */,
				31E8952F1E84998F0038E70A /* Release */,
			);
			defaultConfigurationIsVisible = 0;
			defaultConfigurationName = Release;
		};
/* End XCConfigurationList section */
	};
	rootObject = 31E894F71E84998F0038E70A /* Project object */;
}
